
Microsoft Visual Studio Solution File, Format Version 12.00
# Visual Studio Version 17
VisualStudioVersion = 17.0.32014.148
MinimumVisualStudioVersion = 10.0.40219.1
Project("{9A19103F-16F7-4668-BE54-9A1E7A4F7556}") = "IntelligenceReporting.WebApi", "IntelligenceReporting.WebApi\IntelligenceReporting.WebApi.csproj", "{3202FB9B-2932-4227-8DE0-CC171F0239FB}"
EndProject
Project("{9A19103F-16F7-4668-BE54-9A1E7A4F7556}") = "IntelligenceReporting.Services", "IntelligenceReporting.Services\IntelligenceReporting.Services.csproj", "{94FA2D79-2A16-467F-BCAE-CD2CEC52BD1B}"
EndProject
Project("{9A19103F-16F7-4668-BE54-9A1E7A4F7556}") = "IntelligenceReporting.Entities", "IntelligenceReporting.Entities\IntelligenceReporting.Entities.csproj", "{BC7DC148-0095-4FBD-B76F-5CACE46515A4}"
EndProject
Project("{2150E333-8FDC-42A3-9474-1A3956D46DE8}") = "Solution Items", "Solution Items", "{6006B380-1782-46EB-9D25-A4190439F793}"
	ProjectSection(SolutionItems) = preProject
		..\README.md = ..\README.md
	EndProjectSection
EndProject
Project("{00D1A9C2-B5F0-4AF3-8072-F6C62B433612}") = "IntelligenceReporting.Database", "IntelligenceReporting.Database\IntelligenceReporting.Database.sqlproj", "{B61B71DA-1B16-42A8-BDB2-93278B186B0D}"
EndProject
Project("{9A19103F-16F7-4668-BE54-9A1E7A4F7556}") = "IntelligenceReporting.Interfaces", "IntelligenceReporting.Interfaces\IntelligenceReporting.Interfaces.csproj", "{84BC4B45-1D95-4EDA-9986-E76CBE3B3802}"
EndProject
Project("{9A19103F-16F7-4668-BE54-9A1E7A4F7556}") = "IntelligenceReporting.WebApp", "IntelligenceReporting.WebApp\IntelligenceReporting.WebApp.csproj", "{1767BD8A-9F66-433D-AD33-186482759305}"
EndProject
Global
	GlobalSection(SolutionConfigurationPlatforms) = preSolution
		Debug|Any CPU = Debug|Any CPU
		Release|Any CPU = Release|Any CPU
	EndGlobalSection
	GlobalSection(ProjectConfigurationPlatforms) = postSolution
		{3202FB9B-2932-4227-8DE0-CC171F0239FB}.Debug|Any CPU.ActiveCfg = Debug|Any CPU
		{3202FB9B-2932-4227-8DE0-CC171F0239FB}.Debug|Any CPU.Build.0 = Debug|Any CPU
		{3202FB9B-2932-4227-8DE0-CC171F0239FB}.Release|Any CPU.ActiveCfg = Release|Any CPU
		{3202FB9B-2932-4227-8DE0-CC171F0239FB}.Release|Any CPU.Build.0 = Release|Any CPU
		{94FA2D79-2A16-467F-BCAE-CD2CEC52BD1B}.Debug|Any CPU.ActiveCfg = Debug|Any CPU
		{94FA2D79-2A16-467F-BCAE-CD2CEC52BD1B}.Debug|Any CPU.Build.0 = Debug|Any CPU
		{94FA2D79-2A16-467F-BCAE-CD2CEC52BD1B}.Release|Any CPU.ActiveCfg = Release|Any CPU
		{94FA2D79-2A16-467F-BCAE-CD2CEC52BD1B}.Release|Any CPU.Build.0 = Release|Any CPU
		{BC7DC148-0095-4FBD-B76F-5CACE46515A4}.Debug|Any CPU.ActiveCfg = Debug|Any CPU
		{BC7DC148-0095-4FBD-B76F-5CACE46515A4}.Debug|Any CPU.Build.0 = Debug|Any CPU
		{BC7DC148-0095-4FBD-B76F-5CACE46515A4}.Release|Any CPU.ActiveCfg = Release|Any CPU
		{BC7DC148-0095-4FBD-B76F-5CACE46515A4}.Release|Any CPU.Build.0 = Release|Any CPU
		{B61B71DA-1B16-42A8-BDB2-93278B186B0D}.Debug|Any CPU.ActiveCfg = Debug|Any CPU
		{B61B71DA-1B16-42A8-BDB2-93278B186B0D}.Debug|Any CPU.Build.0 = Debug|Any CPU
		{B61B71DA-1B16-42A8-BDB2-93278B186B0D}.Debug|Any CPU.Deploy.0 = Debug|Any CPU
		{B61B71DA-1B16-42A8-BDB2-93278B186B0D}.Release|Any CPU.ActiveCfg = Release|Any CPU
		{B61B71DA-1B16-42A8-BDB2-93278B186B0D}.Release|Any CPU.Build.0 = Release|Any CPU
		{B61B71DA-1B16-42A8-BDB2-93278B186B0D}.Release|Any CPU.Deploy.0 = Release|Any CPU
		{84BC4B45-1D95-4EDA-9986-E76CBE3B3802}.Debug|Any CPU.ActiveCfg = Debug|Any CPU
		{84BC4B45-1D95-4EDA-9986-E76CBE3B3802}.Debug|Any CPU.Build.0 = Debug|Any CPU
		{84BC4B45-1D95-4EDA-9986-E76CBE3B3802}.Release|Any CPU.ActiveCfg = Release|Any CPU
		{84BC4B45-1D95-4EDA-9986-E76CBE3B3802}.Release|Any CPU.Build.0 = Release|Any CPU
		{1767BD8A-9F66-433D-AD33-186482759305}.Debug|Any CPU.ActiveCfg = Debug|Any CPU
		{1767BD8A-9F66-433D-AD33-186482759305}.Debug|Any CPU.Build.0 = Debug|Any CPU
		{1767BD8A-9F66-433D-AD33-186482759305}.Release|Any CPU.ActiveCfg = Release|Any CPU
		{1767BD8A-9F66-433D-AD33-186482759305}.Release|Any CPU.Build.0 = Release|Any CPU
	EndGlobalSection
	GlobalSection(SolutionProperties) = preSolution
		HideSolutionNode = FALSE
	EndGlobalSection
	GlobalSection(ExtensibilityGlobals) = postSolution
		SolutionGuid = {E115C6E5-B956-4CC8-AF4C-C5D7B1B58266}
	EndGlobalSection
EndGlobal
